
Microsoft Visual Studio Solution File, Format Version 12.00
# Visual Studio Version 17
VisualStudioVersion = 17.0.32112.339
MinimumVisualStudioVersion = 10.0.40219.1
Project("{FAE04EC0-301F-11D3-BF4B-00C04F79EFBC}") = "MyConsoleNoteBook", "MyConsoleNoteBook\MyConsoleNoteBook.csproj", "{DBCBE7C5-7133-401B-BCF0-B35D798DE8FD}"
EndProject
Global
	GlobalSection(SolutionConfigurationPlatforms) = preSolution
		Debug|Any CPU = Debug|Any CPU
		Release|Any CPU = Release|Any CPU
	EndGlobalSection
	GlobalSection(ProjectConfigurationPlatforms) = postSolution
		{DBCBE7C5-7133-401B-BCF0-B35D798DE8FD}.Debug|Any CPU.ActiveCfg = Debug|Any CPU
		{DBCBE7C5-7133-401B-BCF0-B35D798DE8FD}.Debug|Any CPU.Build.0 = Debug|Any CPU
		{DBCBE7C5-7133-401B-BCF0-B35D798DE8FD}.Release|Any CPU.ActiveCfg = Release|Any CPU
		{DBCBE7C5-7133-401B-BCF0-B35D798DE8FD}.Release|Any CPU.Build.0 = Release|Any CPU
	EndGlobalSection
	GlobalSection(SolutionProperties) = preSolution
		HideSolutionNode = FALSE
	EndGlobalSection
	GlobalSection(ExtensibilityGlobals) = postSolution
		SolutionGuid = {D44F5E2B-0370-41A1-8B2A-47996EA41A97}
	EndGlobalSection
EndGlobal
